// !$*UTF8*$!
{
	archiveVersion = 1;
	classes = {
	};
	objectVersion = 46;
	objects = {

/* Begin PBXBuildFile section */
		4D38FF3A1EC6B20200869CC9 /* main.m in Sources */ = {isa = PBXBuildFile; fileRef = 4D38FF391EC6B20200869CC9 /* main.m */; };
		4D38FF3D1EC6B20200869CC9 /* AppDelegate.m in Sources */ = {isa = PBXBuildFile; fileRef = 4D38FF3C1EC6B20200869CC9 /* AppDelegate.m */; };
		4D38FF401EC6B20200869CC9 /* ViewController.m in Sources */ = {isa = PBXBuildFile; fileRef = 4D38FF3F1EC6B20200869CC9 /* ViewController.m */; };
		4D38FF431EC6B20200869CC9 /* Main.storyboard in Resources */ = {isa = PBXBuildFile; fileRef = 4D38FF411EC6B20200869CC9 /* Main.storyboard */; };
		4D38FF451EC6B20200869CC9 /* Assets.xcassets in Resources */ = {isa = PBXBuildFile; fileRef = 4D38FF441EC6B20200869CC9 /* Assets.xcassets */; };
		4D38FF481EC6B20200869CC9 /* LaunchScreen.storyboard in Resources */ = {isa = PBXBuildFile; fileRef = 4D38FF461EC6B20200869CC9 /* LaunchScreen.storyboard */; };
		4D38FF881EC7029700869CC9 /* HZBGesturePasswordController.m in Sources */ = {isa = PBXBuildFile; fileRef = 4D38FF7C1EC7029700869CC9 /* HZBGesturePasswordController.m */; };
		4D38FF891EC7029700869CC9 /* readme.md in Sources */ = {isa = PBXBuildFile; fileRef = 4D38FF7E1EC7029700869CC9 /* readme.md */; };
		4D38FF8A1EC7029700869CC9 /* HZBGesturePasswordButton.m in Sources */ = {isa = PBXBuildFile; fileRef = 4D38FF811EC7029700869CC9 /* HZBGesturePasswordButton.m */; };
		4D38FF8B1EC7029700869CC9 /* HZBGesturePasswordView.m in Sources */ = {isa = PBXBuildFile; fileRef = 4D38FF831EC7029700869CC9 /* HZBGesturePasswordView.m */; };
		4D38FF8C1EC7029700869CC9 /* GestureSmallButton.m in Sources */ = {isa = PBXBuildFile; fileRef = 4D38FF851EC7029700869CC9 /* GestureSmallButton.m */; };
		4D38FF8D1EC7029700869CC9 /* HZBTentacleView.m in Sources */ = {isa = PBXBuildFile; fileRef = 4D38FF871EC7029700869CC9 /* HZBTentacleView.m */; };
/* End PBXBuildFile section */

/* Begin PBXFileReference section */
		4D38FF351EC6B20200869CC9 /* GesturePassword.app */ = {isa = PBXFileReference; explicitFileType = wrapper.application; includeInIndex = 0; path = GesturePassword.app; sourceTree = BUILT_PRODUCTS_DIR; };
		4D38FF391EC6B20200869CC9 /* main.m */ = {isa = PBXFileReference; lastKnownFileType = sourcecode.c.objc; path = main.m; sourceTree = "<group>"; };
		4D38FF3B1EC6B20200869CC9 /* AppDelegate.h */ = {isa = PBXFileReference; lastKnownFileType = sourcecode.c.h; path = AppDelegate.h; sourceTree = "<group>"; };
		4D38FF3C1EC6B20200869CC9 /* AppDelegate.m */ = {isa = PBXFileReference; lastKnownFileType = sourcecode.c.objc; path = AppDelegate.m; sourceTree = "<group>"; };
		4D38FF3E1EC6B20200869CC9 /* ViewController.h */ = {isa = PBXFileReference; lastKnownFileType = sourcecode.c.h; path = ViewController.h; sourceTree = "<group>"; };
		4D38FF3F1EC6B20200869CC9 /* ViewController.m */ = {isa = PBXFileReference; lastKnownFileType = sourcecode.c.objc; path = ViewController.m; sourceTree = "<group>"; };
		4D38FF421EC6B20200869CC9 /* Base */ = {isa = PBXFileReference; lastKnownFileType = file.storyboard; name = Base; path = Base.lproj/Main.storyboard; sourceTree = "<group>"; };
		4D38FF441EC6B20200869CC9 /* Assets.xcassets */ = {isa = PBXFileReference; lastKnownFileType = folder.assetcatalog; path = Assets.xcassets; sourceTree = "<group>"; };
		4D38FF471EC6B20200869CC9 /* Base */ = {isa = PBXFileReference; lastKnownFileType = file.storyboard; name = Base; path = Base.lproj/LaunchScreen.storyboard; sourceTree = "<group>"; };
		4D38FF491EC6B20200869CC9 /* Info.plist */ = {isa = PBXFileReference; lastKnownFileType = text.plist.xml; path = Info.plist; sourceTree = "<group>"; };
		4D38FF7B1EC7029700869CC9 /* HZBGesturePasswordController.h */ = {isa = PBXFileReference; fileEncoding = 4; lastKnownFileType = sourcecode.c.h; path = HZBGesturePasswordController.h; sourceTree = "<group>"; };
		4D38FF7C1EC7029700869CC9 /* HZBGesturePasswordController.m */ = {isa = PBXFileReference; fileEncoding = 4; lastKnownFileType = sourcecode.c.objc; path = HZBGesturePasswordController.m; sourceTree = "<group>"; };
		4D38FF7E1EC7029700869CC9 /* readme.md */ = {isa = PBXFileReference; fileEncoding = 4; lastKnownFileType = net.daringfireball.markdown; path = readme.md; sourceTree = "<group>"; };
		4D38FF801EC7029700869CC9 /* HZBGesturePasswordButton.h */ = {isa = PBXFileReference; fileEncoding = 4; lastKnownFileType = sourcecode.c.h; path = HZBGesturePasswordButton.h; sourceTree = "<group>"; };
		4D38FF811EC7029700869CC9 /* HZBGesturePasswordButton.m */ = {isa = PBXFileReference; fileEncoding = 4; lastKnownFileType = sourcecode.c.objc; path = HZBGesturePasswordButton.m; sourceTree = "<group>"; };
		4D38FF821EC7029700869CC9 /* HZBGesturePasswordView.h */ = {isa = PBXFileReference; fileEncoding = 4; lastKnownFileType = sourcecode.c.h; path = HZBGesturePasswordView.h; sourceTree = "<group>"; };
		4D38FF831EC7029700869CC9 /* HZBGesturePasswordView.m */ = {isa = PBXFileReference; fileEncoding = 4; lastKnownFileType = sourcecode.c.objc; path = HZBGesturePasswordView.m; sourceTree = "<group>"; };
		4D38FF841EC7029700869CC9 /* GestureSmallButton.h */ = {isa = PBXFileReference; fileEncoding = 4; lastKnownFileType = sourcecode.c.h; path = GestureSmallButton.h; sourceTree = "<group>"; };
		4D38FF851EC7029700869CC9 /* GestureSmallButton.m */ = {isa = PBXFileReference; fileEncoding = 4; lastKnownFileType = sourcecode.c.objc; path = GestureSmallButton.m; sourceTree = "<group>"; };
		4D38FF861EC7029700869CC9 /* HZBTentacleView.h */ = {isa = PBXFileReference; fileEncoding = 4; lastKnownFileType = sourcecode.c.h; path = HZBTentacleView.h; sourceTree = "<group>"; };
		4D38FF871EC7029700869CC9 /* HZBTentacleView.m */ = {isa = PBXFileReference; fileEncoding = 4; lastKnownFileType = sourcecode.c.objc; path = HZBTentacleView.m; sourceTree = "<group>"; };
		4D38FF8E1EC702B900869CC9 /* Config.xcconfig */ = {isa = PBXFileReference; lastKnownFileType = text.xcconfig; path = Config.xcconfig; sourceTree = "<group>"; };
/* End PBXFileReference section */

/* Begin PBXFrameworksBuildPhase section */
		4D38FF321EC6B20200869CC9 /* Frameworks */ = {
			isa = PBXFrameworksBuildPhase;
			buildActionMask = 2147483647;
			files = (
			);
			runOnlyForDeploymentPostprocessing = 0;
		};
/* End PBXFrameworksBuildPhase section */

/* Begin PBXGroup section */
		4D38FF2C1EC6B20200869CC9 = {
			isa = PBXGroup;
			children = (
				4D38FF371EC6B20200869CC9 /* GesturePassword */,
				4D38FF361EC6B20200869CC9 /* Products */,
			);
			sourceTree = "<group>";
		};
		4D38FF361EC6B20200869CC9 /* Products */ = {
			isa = PBXGroup;
			children = (
				4D38FF351EC6B20200869CC9 /* GesturePassword.app */,
			);
			name = Products;
			sourceTree = "<group>";
		};
		4D38FF371EC6B20200869CC9 /* GesturePassword */ = {
			isa = PBXGroup;
			children = (
				4D38FF791EC7029700869CC9 /* HZBGesturePassword */,
				4D38FF3B1EC6B20200869CC9 /* AppDelegate.h */,
				4D38FF3C1EC6B20200869CC9 /* AppDelegate.m */,
				4D38FF3E1EC6B20200869CC9 /* ViewController.h */,
				4D38FF3F1EC6B20200869CC9 /* ViewController.m */,
				4D38FF411EC6B20200869CC9 /* Main.storyboard */,
				4D38FF441EC6B20200869CC9 /* Assets.xcassets */,
				4D38FF461EC6B20200869CC9 /* LaunchScreen.storyboard */,
				4D38FF491EC6B20200869CC9 /* Info.plist */,
				4D38FF381EC6B20200869CC9 /* Supporting Files */,
			);
			path = GesturePassword;
			sourceTree = "<group>";
		};
		4D38FF381EC6B20200869CC9 /* Supporting Files */ = {
			isa = PBXGroup;
			children = (
				4D38FF391EC6B20200869CC9 /* main.m */,
				4D38FF8E1EC702B900869CC9 /* Config.xcconfig */,
			);
			name = "Supporting Files";
			sourceTree = "<group>";
		};
		4D38FF791EC7029700869CC9 /* HZBGesturePassword */ = {
			isa = PBXGroup;
			children = (
				4D38FF7A1EC7029700869CC9 /* Controller */,
				4D38FF7D1EC7029700869CC9 /* Model */,
				4D38FF7E1EC7029700869CC9 /* readme.md */,
				4D38FF7F1EC7029700869CC9 /* View */,
			);
			path = HZBGesturePassword;
			sourceTree = "<group>";
		};
		4D38FF7A1EC7029700869CC9 /* Controller */ = {
			isa = PBXGroup;
			children = (
				4D38FF7B1EC7029700869CC9 /* HZBGesturePasswordController.h */,
				4D38FF7C1EC7029700869CC9 /* HZBGesturePasswordController.m */,
			);
			path = Controller;
			sourceTree = "<group>";
		};
		4D38FF7D1EC7029700869CC9 /* Model */ = {
			isa = PBXGroup;
			children = (
			);
			path = Model;
			sourceTree = "<group>";
		};
		4D38FF7F1EC7029700869CC9 /* View */ = {
			isa = PBXGroup;
			children = (
				4D38FF801EC7029700869CC9 /* HZBGesturePasswordButton.h */,
				4D38FF811EC7029700869CC9 /* HZBGesturePasswordButton.m */,
				4D38FF821EC7029700869CC9 /* HZBGesturePasswordView.h */,
				4D38FF831EC7029700869CC9 /* HZBGesturePasswordView.m */,
				4D38FF841EC7029700869CC9 /* GestureSmallButton.h */,
				4D38FF851EC7029700869CC9 /* GestureSmallButton.m */,
				4D38FF861EC7029700869CC9 /* HZBTentacleView.h */,
				4D38FF871EC7029700869CC9 /* HZBTentacleView.m */,
			);
			path = View;
			sourceTree = "<group>";
		};
/* End PBXGroup section */

/* Begin PBXNativeTarget section */
		4D38FF341EC6B20200869CC9 /* GesturePassword */ = {
			isa = PBXNativeTarget;
			buildConfigurationList = 4D38FF4C1EC6B20200869CC9 /* Build configuration list for PBXNativeTarget "GesturePassword" */;
			buildPhases = (
				4D38FF311EC6B20200869CC9 /* Sources */,
				4D38FF321EC6B20200869CC9 /* Frameworks */,
				4D38FF331EC6B20200869CC9 /* Resources */,
			);
			buildRules = (
			);
			dependencies = (
			);
			name = GesturePassword;
			productName = GesturePassword;
			productReference = 4D38FF351EC6B20200869CC9 /* GesturePassword.app */;
			productType = "com.apple.product-type.application";
		};
/* End PBXNativeTarget section */

/* Begin PBXProject section */
		4D38FF2D1EC6B20200869CC9 /* Project object */ = {
			isa = PBXProject;
			attributes = {
				LastUpgradeCheck = 0830;
				ORGANIZATIONNAME = "安宁";
				TargetAttributes = {
					4D38FF341EC6B20200869CC9 = {
						CreatedOnToolsVersion = 8.3;
						DevelopmentTeam = 8429SBRZW5;
						ProvisioningStyle = Automatic;
					};
				};
			};
			buildConfigurationList = 4D38FF301EC6B20200869CC9 /* Build configuration list for PBXProject "GesturePassword" */;
			compatibilityVersion = "Xcode 3.2";
			developmentRegion = English;
			hasScannedForEncodings = 0;
			knownRegions = (
				en,
				Base,
			);
			mainGroup = 4D38FF2C1EC6B20200869CC9;
			productRefGroup = 4D38FF361EC6B20200869CC9 /* Products */;
			projectDirPath = "";
			projectRoot = "";
			targets = (
				4D38FF341EC6B20200869CC9 /* GesturePassword */,
			);
		};
/* End PBXProject section */

/* Begin PBXResourcesBuildPhase section */
		4D38FF331EC6B20200869CC9 /* Resources */ = {
			isa = PBXResourcesBuildPhase;
			buildActionMask = 2147483647;
			files = (
				4D38FF481EC6B20200869CC9 /* LaunchScreen.storyboard in Resources */,
				4D38FF451EC6B20200869CC9 /* Assets.xcassets in Resources */,
				4D38FF431EC6B20200869CC9 /* Main.storyboard in Resources */,
			);
			runOnlyForDeploymentPostprocessing = 0;
		};
/* End PBXResourcesBuildPhase section */

/* Begin PBXSourcesBuildPhase section */
		4D38FF311EC6B20200869CC9 /* Sources */ = {
			isa = PBXSourcesBuildPhase;
			buildActionMask = 2147483647;
			files = (
				4D38FF8A1EC7029700869CC9 /* HZBGesturePasswordButton.m in Sources */,
				4D38FF401EC6B20200869CC9 /* ViewController.m in Sources */,
				4D38FF3D1EC6B20200869CC9 /* AppDelegate.m in Sources */,
				4D38FF8C1EC7029700869CC9 /* GestureSmallButton.m in Sources */,
				4D38FF3A1EC6B20200869CC9 /* main.m in Sources */,
				4D38FF891EC7029700869CC9 /* readme.md in Sources */,
				4D38FF881EC7029700869CC9 /* HZBGesturePasswordController.m in Sources */,
				4D38FF8D1EC7029700869CC9 /* HZBTentacleView.m in Sources */,
				4D38FF8B1EC7029700869CC9 /* HZBGesturePasswordView.m in Sources */,
			);
			runOnlyForDeploymentPostprocessing = 0;
		};
/* End PBXSourcesBuildPhase section */

/* Begin PBXVariantGroup section */
		4D38FF411EC6B20200869CC9 /* Main.storyboard */ = {
			isa = PBXVariantGroup;
			children = (
				4D38FF421EC6B20200869CC9 /* Base */,
			);
			name = Main.storyboard;
			sourceTree = "<group>";
		};
		4D38FF461EC6B20200869CC9 /* LaunchScreen.storyboard */ = {
			isa = PBXVariantGroup;
			children = (
				4D38FF471EC6B20200869CC9 /* Base */,
			);
			name = LaunchScreen.storyboard;
			sourceTree = "<group>";
		};
/* End PBXVariantGroup section */

/* Begin XCBuildConfiguration section */
		4D38FF4A1EC6B20200869CC9 /* Debug */ = {
			isa = XCBuildConfiguration;
			baseConfigurationReference = 4D38FF8E1EC702B900869CC9 /* Config.xcconfig */;
			buildSettings = {
				ALWAYS_SEARCH_USER_PATHS = NO;
				CLANG_ANALYZER_NONNULL = YES;
				CLANG_ANALYZER_NUMBER_OBJECT_CONVERSION = YES_AGGRESSIVE;
				CLANG_CXX_LANGUAGE_STANDARD = "gnu++0x";
				CLANG_CXX_LIBRARY = "libc++";
				CLANG_ENABLE_MODULES = YES;
				CLANG_ENABLE_OBJC_ARC = YES;
				CLANG_WARN_BOOL_CONVERSION = YES;
				CLANG_WARN_CONSTANT_CONVERSION = YES;
				CLANG_WARN_DIRECT_OBJC_ISA_USAGE = YES_ERROR;
				CLANG_WARN_DOCUMENTATION_COMMENTS = YES;
				CLANG_WARN_EMPTY_BODY = YES;
				CLANG_WARN_ENUM_CONVERSION = YES;
				CLANG_WARN_INFINITE_RECURSION = YES;
				CLANG_WARN_INT_CONVERSION = YES;
				CLANG_WARN_OBJC_ROOT_CLASS = YES_ERROR;
				CLANG_WARN_SUSPICIOUS_MOVE = YES;
				CLANG_WARN_UNREACHABLE_CODE = YES;
				CLANG_WARN__DUPLICATE_METHOD_MATCH = YES;
				"CODE_SIGN_IDENTITY[sdk=iphoneos*]" = "iPhone Developer";
				COPY_PHASE_STRIP = NO;
				DEBUG_INFORMATION_FORMAT = dwarf;
				ENABLE_STRICT_OBJC_MSGSEND = YES;
				ENABLE_TESTABILITY = YES;
				GCC_C_LANGUAGE_STANDARD = gnu99;
				GCC_DYNAMIC_NO_PIC = NO;
				GCC_NO_COMMON_BLOCKS = YES;
				GCC_OPTIMIZATION_LEVEL = 0;
				GCC_PREPROCESSOR_DEFINITIONS = (
					"DEBUG=1",
					"$(inherited)",
				);
				GCC_WARN_64_TO_32_BIT_CONVERSION = YES;
				GCC_WARN_ABOUT_RETURN_TYPE = YES_ERROR;
				GCC_WARN_UNDECLARED_SELECTOR = YES;
				GCC_WARN_UNINITIALIZED_AUTOS = YES_AGGRESSIVE;
				GCC_WARN_UNUSED_FUNCTION = YES;
				GCC_WARN_UNUSED_VARIABLE = YES;
				IPHONEOS_DEPLOYMENT_TARGET = 10.3;
				MTL_ENABLE_DEBUG_INFO = YES;
				ONLY_ACTIVE_ARCH = YES;
				SDKROOT = iphoneos;
			};
			name = Debug;
		};
		4D38FF4B1EC6B20200869CC9 /* Release */ = {
			isa = XCBuildConfiguration;
			baseConfigurationReference = 4D38FF8E1EC702B900869CC9 /* Config.xcconfig */;
			buildSettings = {
				ALWAYS_SEARCH_USER_PATHS = NO;
				CLANG_ANALYZER_NONNULL = YES;
				CLANG_ANALYZER_NUMBER_OBJECT_CONVERSION = YES_AGGRESSIVE;
				CLANG_CXX_LANGUAGE_STANDARD = "gnu++0x";
				CLANG_CXX_LIBRARY = "libc++";
				CLANG_ENABLE_MODULES = YES;
				CLANG_ENABLE_OBJC_ARC = YES;
				CLANG_WARN_BOOL_CONVERSION = YES;
				CLANG_WARN_CONSTANT_CONVERSION = YES;
				CLANG_WARN_DIRECT_OBJC_ISA_USAGE = YES_ERROR;
				CLANG_WARN_DOCUMENTATION_COMMENTS = YES;
				CLANG_WARN_EMPTY_BODY = YES;
				CLANG_WARN_ENUM_CONVERSION = YES;
				CLANG_WARN_INFINITE_RECURSION = YES;
				CLANG_WARN_INT_CONVERSION = YES;
				CLANG_WARN_OBJC_ROOT_CLASS = YES_ERROR;
				CLANG_WARN_SUSPICIOUS_MOVE = YES;
				CLANG_WARN_UNREACHABLE_CODE = YES;
				CLANG_WARN__DUPLICATE_METHOD_MATCH = YES;
				"CODE_SIGN_IDENTITY[sdk=iphoneos*]" = "iPhone Developer";
				COPY_PHASE_STRIP = NO;
				DEBUG_INFORMATION_FORMAT = "dwarf-with-dsym";
				ENABLE_NS_ASSERTIONS = NO;
				ENABLE_STRICT_OBJC_MSGSEND = YES;
				GCC_C_LANGUAGE_STANDARD = gnu99;
				GCC_NO_COMMON_BLOCKS = YES;
				GCC_WARN_64_TO_32_BIT_CONVERSION = YES;
				GCC_WARN_ABOUT_RETURN_TYPE = YES_ERROR;
				GCC_WARN_UNDECLARED_SELECTOR = YES;
				GCC_WARN_UNINITIALIZED_AUTOS = YES_AGGRESSIVE;
				GCC_WARN_UNUSED_FUNCTION = YES;
				GCC_WARN_UNUSED_VARIABLE = YES;
				IPHONEOS_DEPLOYMENT_TARGET = 10.3;
				MTL_ENABLE_DEBUG_INFO = NO;
				SDKROOT = iphoneos;
				VALIDATE_PRODUCT = YES;
			};
			name = Release;
		};
		4D38FF4D1EC6B20200869CC9 /* Debug */ = {
			isa = XCBuildConfiguration;
			baseConfigurationReference = 4D38FF8E1EC702B900869CC9 /* Config.xcconfig */;
			buildSettings = {
				ASSETCATALOG_COMPILER_APPICON_NAME = AppIcon;
				DEVELOPMENT_TEAM = 8429SBRZW5;
				INFOPLIST_FILE = GesturePassword/Info.plist;
				LD_RUNPATH_SEARCH_PATHS = "$(inherited) @executable_path/Frameworks";
				PRODUCT_BUNDLE_IDENTIFIER = anning.Test;
				PRODUCT_NAME = "$(TARGET_NAME)";
			};
			name = Debug;
		};
		4D38FF4E1EC6B20200869CC9 /* Release */ = {
			isa = XCBuildConfiguration;
			baseConfigurationReference = 4D38FF8E1EC702B900869CC9 /* Config.xcconfig */;
			buildSettings = {
				ASSETCATALOG_COMPILER_APPICON_NAME = AppIcon;
				DEVELOPMENT_TEAM = 8429SBRZW5;
				INFOPLIST_FILE = GesturePassword/Info.plist;
				LD_RUNPATH_SEARCH_PATHS = "$(inherited) @executable_path/Frameworks";
				PRODUCT_BUNDLE_IDENTIFIER = anning.Test;
				PRODUCT_NAME = "$(TARGET_NAME)";
			};
			name = Release;
		};
/* End XCBuildConfiguration section */

/* Begin XCConfigurationList section */
		4D38FF301EC6B20200869CC9 /* Build configuration list for PBXProject "GesturePassword" */ = {
			isa = XCConfigurationList;
			buildConfigurations = (
				4D38FF4A1EC6B20200869CC9 /* Debug */,
				4D38FF4B1EC6B20200869CC9 /* Release */,
			);
			defaultConfigurationIsVisible = 0;
			defaultConfigurationName = Release;
		};
		4D38FF4C1EC6B20200869CC9 /* Build configuration list for PBXNativeTarget "GesturePassword" */ = {
			isa = XCConfigurationList;
			buildConfigurations = (
				4D38FF4D1EC6B20200869CC9 /* Debug */,
				4D38FF4E1EC6B20200869CC9 /* Release */,
			);
			defaultConfigurationIsVisible = 0;
			defaultConfigurationName = Release;
		};
/* End XCConfigurationList section */
	};
	rootObject = 4D38FF2D1EC6B20200869CC9 /* Project object */;
}
